{
    "_meta": {
        "hash": {
            "sha256": "59a62961fe17d6fc55eadb54ae4b8d6a3c12268aa44bf5feed5d2c4d0f1d93c4"
        },
        "pipfile-spec": 6,
        "requires": {
            "python_version": "3.8"
        },
        "sources": [
            {
                "name": "pypi",
                "url": "https://pypi.python.org/simple",
                "verify_ssl": true
            }
        ]
    },
    "default": {
        "attrs": {
            "hashes": [
                "sha256:29adc2665447e5191d0e7c568fde78b21f9672d344281d0c6e1ab085429b22b6",
                "sha256:86efa402f67bf2df34f51a335487cf46b1ec130d02b8d39fd248abfd30da551c"
            ],
            "version": "==22.1.0"
        },
        "bitarray": {
            "hashes": [
                "sha256:035d3e5ab3c1afa2cd88bbc33af595b4875a24b0d037dfef907b41bc4b0dbe2b",
                "sha256:0399886ca8ead7d0f16f94545bda800467d6d9c63fbd4866ee7ede7981166ba8",
                "sha256:049e8f017b5b6d1763ababa156ca5cbdea8a01e20a1e80525b0fbe9fb839d695",
                "sha256:076a72531bcca99114036c3714bac8124f5529b60fb6a6986067c6f345238c76",
                "sha256:0b756e5c771cdceb17622b6a0678fa78364e329d875de73a4f26bbacab8915a8",
                "sha256:11996c4da9c1ca9f97143e939af75c5b24ad0fdc2fa13aeb0007ebfa3c602caf",
                "sha256:119d503edf09bef37f2d0dc3b4a23c36c3c1e88e17701ab71388eb4780c046c7",
                "sha256:12c96dedd6e4584fecc2bf5fbffe1c635bd516eee7ade7b839c35aeba84336b4",
                "sha256:1479f533eaff4080078b6e5d06b467868bd6edd73bb6651a295bf662d40afa62",
                "sha256:15d2a1c060a11fc5508715fef6177937614f9354dd3afe6a00e261775f8b0e8f",
                "sha256:1d0a2d896bcbcb5f32f60571ebd48349ec322dee5e137b342483108c5cbd0f03",
                "sha256:24331bd2f52cd5410e48c132f486ed02a4ca3b96133fb26e3a8f50a57c354be6",
                "sha256:2cfe1661b614314d67e6884e5e19e36957ff6faea5fcea7f25840dff95288248",
                "sha256:346d2c5452cc024c41d267ba99e48d38783c1706c50c4632a4484cc57b152d0e",
                "sha256:36802129a3115023700c07725d981c74e23b0914551898f788e5a41aed2d63bf",
                "sha256:3f238127789c993de937178c3ff836d0fad4f2da08af9f579668873ac1332a42",
                "sha256:42a071c9db755f267e5d3b9909ea8c22fb071d27860dd940facfacffbde79de8",
                "sha256:4d42fee0add2114e572b0cd6edefc4c52207874f58b70043f82faa8bb7141620",
                "sha256:4ffc076a0e22cda949ccd062f37ecc3dc53856c6e8bdfe07e1e81c411cf31621",
                "sha256:5276c7247d350819d1dae385d8f78ebfb44ee90ff11a775f981d45cb366573e5",
                "sha256:565c4334cb410f5eb62280dcfb3a52629e60ce430f31dfa4bbef92ec80de4890",
                "sha256:56d3f16dd807b1c56732a244ce071c135ee973d3edc9929418c1b24c5439a0fd",
                "sha256:5a0bb91363041b45523e5bcbc4153a5e1eb1ddb21e46fe1910340c0d095e1a8e",
                "sha256:5bd315ac63b62de5eefbfa07969162ffbda8e535c3b7b3d41b565d2a88817b71",
                "sha256:5f5df0377f3e7f1366e506c5295f08d3f8761e4a6381918931fc1d9594aa435e",
                "sha256:6071d12043300e50a4b7ba9caeeca92aac567bb4ac4a227709e3c77a3d788587",
                "sha256:67c5822f4bb6a419bc2f2dba9fa07b5646f0cda930bafa9e1130af6822e4bdf3",
                "sha256:6c3d0a4a6061adc3d3128e1e1146940d17df8cbfe3d77cb66a1df69ddcdf27d5",
                "sha256:6c46c2ba24a517f391c3ab9e7a214185f95146d0b664b4b0463ab31e5387669f",
                "sha256:6d8ba8065d1b60da24d94078249cbf24a02d869d7dc9eba12db1fb513a375c79",
                "sha256:6fa63a86aad0f45a27c7c5a27cd9b787fe9b1aed431f97f49ee8b834fa0780a0",
                "sha256:7126563c86f6b60d87414124f035ff0d29de02ad9e46ea085de2c772b0be1331",
                "sha256:71cc3d1da4f682f27728745f21ed3447ee8f6a0019932126c422dd91278eb414",
                "sha256:742d43cbbc7267caae6379e2156a1fd8532332920a3d919b68c2982d439a98ba",
                "sha256:763cac57692d07aa950b92c20f55ef66801955b71b4a1f4f48d5422d748c6dda",
                "sha256:76c4e3261d6370383b02018cb964b5d9260e3c62dea31949910e9cc3a1c802d2",
                "sha256:7ae3b8b48167579066a17c5ba1631d089f931f4eae8b4359ad123807d5e75c51",
                "sha256:7f369872d551708d608e50a9ab8748d3d4f32a697dc5c2c37ff16cb8d7060210",
                "sha256:874a222ece2100b3a3a8f08c57da3267a4e2219d26474a46937552992fcec771",
                "sha256:878f16daa9c2062e4d29c1928b6f3eb50911726ad6d2006918a29ca6b38b5080",
                "sha256:8c811e59c86ce0a8515daf47db9c2484fd42e51bdb44581d7bcc9caad6c9a7a1",
                "sha256:97609495479c5214c7b57173c17206ebb056507a8d26eebc17942d62f8f25944",
                "sha256:985a937218aa3d1ac7013174bfcbb1cb2f3157e17c6e349e83386f33459be1c0",
                "sha256:a239313e75da37d1f6548d666d4dd8554c4a92dabed15741612855d186e86e72",
                "sha256:b080eb25811db46306dfce58b4760df32f40bcf5551ebba3b7c8d3ec90d9b988",
                "sha256:b0cfca1b5a57b540f4761b57de485196218733153c430d58f9e048e325c98b47",
                "sha256:b0e4a6f5360e5f6c3a2b250c9e9cd539a9aabf0465dbedbaf364203e74ff101b",
                "sha256:b849a6cdd46608e7cc108c75e1265304e79488480a822bae7471e628f971a6f0",
                "sha256:bfda0af4072df6e932ec510b72c461e1ec0ad0820a76df588cdfebf5a07f5b5d",
                "sha256:c19e900b6f9df13c7f406f827c5643f83c0839a58d007b35a4d7df827601f740",
                "sha256:c24d4a1b5baa46920b801aa55c0e0a640c6e7683a73a941302e102e2bd11a830",
                "sha256:c774328057a4b1fc48bee2dd5a60ee1e8e0ec112d29c4e6b9c550e1686b6db5c",
                "sha256:d34673ebaf562347d004a465e16e2930c6568d196bb79d67fc6358f1213a1ac7",
                "sha256:d523ffef1927cb686ad787b25b2e98a5bd53e3c40673c394f07bf9b281e69796",
                "sha256:d53520b54206d8569b81eee56ccd9477af2f1b3ca355df9c48ee615a11e1a637",
                "sha256:d697cc38cb6fa9bae3b994dd3ce68552ffe69c453a3b6fd6a4f94bb8a8bfd70b",
                "sha256:d7bec01818c3a9d185f929cd36a82cc7acf13905920f7f595942105c5eef2300",
                "sha256:e6a4a4bf6fbc42b2674023ca58a47c86ee55c023a8af85420f266e86b10e7065",
                "sha256:e6bd32e492cdc740ec36b6725457685c9f2aa012dd8cbdae1643fed2b6821895",
                "sha256:e76642232db8330589ed1ac1cec0e9c3814c708521c336a5c79d39a5d8d8c206",
                "sha256:e7ba4c964a36fe198a8c4b5d08924709d4ed0337b65ae222b6503ed3442a46e8",
                "sha256:ec18a0b97ea6b912ea57dc00a3f8f3ce515d774d00951d30e2ae243589d3d021",
                "sha256:ecce266e24b21615a3ed234869be84bef492f6a34bb650d0e25dc3662c59bce4",
                "sha256:f0302605b3bbc439083a400cf57d7464f1ac098c722309a03abaa7d97cd420b5",
                "sha256:f253b9bdf5abd039741a9594a681453c973b09dcb7edac9105961838675b7c6b",
                "sha256:f263b18fdb8bf42cd7cf9849d5863847d215024c68fe74cf33bcd82641d4376a",
                "sha256:f37b5282b029d9f51454f8c580eb6a24e5dc140ef5866290afb20e607d2dce5f",
                "sha256:f4849709571b1a53669798d23cc8430e677dcf0eea88610a0412e1911233899a",
                "sha256:f853589426920d9bb3683f6b6cd11ce48d9d06a62c0b98ea4b82ebd8db3bddec",
                "sha256:f9c492644f70f80f8266748c18309a0d73c22c47903f4b62f3fb772a15a8fd5f",
                "sha256:fc635b27939969d53cac53e8b8f860ea69fc98cc9867cac17dd193f41dc2a57f",
                "sha256:febaf00e498230ce2e75dac910056f0e3a91c8631b7ceb6385bb39d448960bc5"
            ],
            "version": "==2.6.0"
        },
        "bplib": {
            "hashes": [
                "sha256:040deb52c4c5b194dcdba4c94150b9976622ca68e1d1296f17237e9d37071936",
                "sha256:89775bece3eb7beba9e42f2c4fc2975e988956def54a162f40f6acd4a415a862",
                "sha256:bb1a326377f6a7ecf0ac2a7b942a66cf728d8f04f1097f5c01a2635eb9b1ed8a"
            ],
            "version": "==0.0.6"
        },
        "cffi": {
            "hashes": [
                "sha256:00a9ed42e88df81ffae7a8ab6d9356b371399b91dbdf0c3cb1e84c03a13aceb5",
                "sha256:03425bdae262c76aad70202debd780501fabeaca237cdfddc008987c0e0f59ef",
                "sha256:04ed324bda3cda42b9b695d51bb7d54b680b9719cfab04227cdd1e04e5de3104",
                "sha256:0e2642fe3142e4cc4af0799748233ad6da94c62a8bec3a6648bf8ee68b1c7426",
                "sha256:173379135477dc8cac4bc58f45db08ab45d228b3363adb7af79436135d028405",
                "sha256:198caafb44239b60e252492445da556afafc7d1e3ab7a1fb3f0584ef6d742375",
                "sha256:1e74c6b51a9ed6589199c787bf5f9875612ca4a8a0785fb2d4a84429badaf22a",
                "sha256:2012c72d854c2d03e45d06ae57f40d78e5770d252f195b93f581acf3ba44496e",
                "sha256:21157295583fe8943475029ed5abdcf71eb3911894724e360acff1d61c1d54bc",
                "sha256:2470043b93ff09bf8fb1d46d1cb756ce6132c54826661a32d4e4d132e1977adf",
                "sha256:285d29981935eb726a4399badae8f0ffdff4f5050eaa6d0cfc3f64b857b77185",
                "sha256:30d78fbc8ebf9c92c9b7823ee18eb92f2e6ef79b45ac84db507f52fbe3ec4497",
                "sha256:320dab6e7cb2eacdf0e658569d2575c4dad258c0fcc794f46215e1e39f90f2c3",
                "sha256:33ab79603146aace82c2427da5ca6e58f2b3f2fb5da893ceac0c42218a40be35",
                "sha256:3548db281cd7d2561c9ad9984681c95f7b0e38881201e157833a2342c30d5e8c",
                "sha256:3799aecf2e17cf585d977b780ce79ff0dc9b78d799fc694221ce814c2c19db83",
                "sha256:39d39875251ca8f612b6f33e6b1195af86d1b3e60086068be9cc053aa4376e21",
                "sha256:3b926aa83d1edb5aa5b427b4053dc420ec295a08e40911296b9eb1b6170f6cca",
                "sha256:3bcde07039e586f91b45c88f8583ea7cf7a0770df3a1649627bf598332cb6984",
                "sha256:3d08afd128ddaa624a48cf2b859afef385b720bb4b43df214f85616922e6a5ac",
                "sha256:3eb6971dcff08619f8d91607cfc726518b6fa2a9eba42856be181c6d0d9515fd",
                "sha256:40f4774f5a9d4f5e344f31a32b5096977b5d48560c5592e2f3d2c4374bd543ee",
                "sha256:4289fc34b2f5316fbb762d75362931e351941fa95fa18789191b33fc4cf9504a",
                "sha256:470c103ae716238bbe698d67ad020e1db9d9dba34fa5a899b5e21577e6d52ed2",
                "sha256:4f2c9f67e9821cad2e5f480bc8d83b8742896f1242dba247911072d4fa94c192",
                "sha256:50a74364d85fd319352182ef59c5c790484a336f6db772c1a9231f1c3ed0cbd7",
                "sha256:54a2db7b78338edd780e7ef7f9f6c442500fb0d41a5a4ea24fff1c929d5af585",
                "sha256:5635bd9cb9731e6d4a1132a498dd34f764034a8ce60cef4f5319c0541159392f",
                "sha256:59c0b02d0a6c384d453fece7566d1c7e6b7bae4fc5874ef2ef46d56776d61c9e",
                "sha256:5d598b938678ebf3c67377cdd45e09d431369c3b1a5b331058c338e201f12b27",
                "sha256:5df2768244d19ab7f60546d0c7c63ce1581f7af8b5de3eb3004b9b6fc8a9f84b",
                "sha256:5ef34d190326c3b1f822a5b7a45f6c4535e2f47ed06fec77d3d799c450b2651e",
                "sha256:6975a3fac6bc83c4a65c9f9fcab9e47019a11d3d2cf7f3c0d03431bf145a941e",
                "sha256:6c9a799e985904922a4d207a94eae35c78ebae90e128f0c4e521ce339396be9d",
                "sha256:70df4e3b545a17496c9b3f41f5115e69a4f2e77e94e1d2a8e1070bc0c38c8a3c",
                "sha256:7473e861101c9e72452f9bf8acb984947aa1661a7704553a9f6e4baa5ba64415",
                "sha256:8102eaf27e1e448db915d08afa8b41d6c7ca7a04b7d73af6514df10a3e74bd82",
                "sha256:87c450779d0914f2861b8526e035c5e6da0a3199d8f1add1a665e1cbc6fc6d02",
                "sha256:8b7ee99e510d7b66cdb6c593f21c043c248537a32e0bedf02e01e9553a172314",
                "sha256:91fc98adde3d7881af9b59ed0294046f3806221863722ba7d8d120c575314325",
                "sha256:94411f22c3985acaec6f83c6df553f2dbe17b698cc7f8ae751ff2237d96b9e3c",
                "sha256:98d85c6a2bef81588d9227dde12db8a7f47f639f4a17c9ae08e773aa9c697bf3",
                "sha256:9ad5db27f9cabae298d151c85cf2bad1d359a1b9c686a275df03385758e2f914",
                "sha256:a0b71b1b8fbf2b96e41c4d990244165e2c9be83d54962a9a1d118fd8657d2045",
                "sha256:a0f100c8912c114ff53e1202d0078b425bee3649ae34d7b070e9697f93c5d52d",
                "sha256:a591fe9e525846e4d154205572a029f653ada1a78b93697f3b5a8f1f2bc055b9",
                "sha256:a5c84c68147988265e60416b57fc83425a78058853509c1b0629c180094904a5",
                "sha256:a66d3508133af6e8548451b25058d5812812ec3798c886bf38ed24a98216fab2",
                "sha256:a8c4917bd7ad33e8eb21e9a5bbba979b49d9a97acb3a803092cbc1133e20343c",
                "sha256:b3bbeb01c2b273cca1e1e0c5df57f12dce9a4dd331b4fa1635b8bec26350bde3",
                "sha256:cba9d6b9a7d64d4bd46167096fc9d2f835e25d7e4c121fb2ddfc6528fb0413b2",
                "sha256:cc4d65aeeaa04136a12677d3dd0b1c0c94dc43abac5860ab33cceb42b801c1e8",
                "sha256:ce4bcc037df4fc5e3d184794f27bdaab018943698f4ca31630bc7f84a7b69c6d",
                "sha256:cec7d9412a9102bdc577382c3929b337320c4c4c4849f2c5cdd14d7368c5562d",
                "sha256:d400bfb9a37b1351253cb402671cea7e89bdecc294e8016a707f6d1d8ac934f9",
                "sha256:d61f4695e6c866a23a21acab0509af1cdfd2c013cf256bbf5b6b5e2695827162",
                "sha256:db0fbb9c62743ce59a9ff687eb5f4afbe77e5e8403d6697f7446e5f609976f76",
                "sha256:dd86c085fae2efd48ac91dd7ccffcfc0571387fe1193d33b6394db7ef31fe2a4",
                "sha256:e00b098126fd45523dd056d2efba6c5a63b71ffe9f2bbe1a4fe1716e1d0c331e",
                "sha256:e229a521186c75c8ad9490854fd8bbdd9a0c9aa3a524326b55be83b54d4e0ad9",
                "sha256:e263d77ee3dd201c3a142934a086a4450861778baaeeb45db4591ef65550b0a6",
                "sha256:ed9cb427ba5504c1dc15ede7d516b84757c3e3d7868ccc85121d9310d27eed0b",
                "sha256:fa6693661a4c91757f4412306191b6dc88c1703f780c8234035eac011922bc01",
                "sha256:fcd131dd944808b5bdb38e6f5b53013c5aa4f334c5cad0c72742f6eba4b73db0"
            ],
            "version": "==1.15.1"
        },
        "coverage": {
            "hashes": [
                "sha256:01778769097dbd705a24e221f42be885c544bb91251747a8a3efdec6eb4788f2",
                "sha256:08002f9251f51afdcc5e3adf5d5d66bb490ae893d9e21359b085f0e03390a820",
                "sha256:1238b08f3576201ebf41f7c20bf59baa0d05da941b123c6656e42cdb668e9827",
                "sha256:14a32ec68d721c3d714d9b105c7acf8e0f8a4f4734c811eda75ff3718570b5e3",
                "sha256:15e38d853ee224e92ccc9a851457fb1e1f12d7a5df5ae44544ce7863691c7a0d",
                "sha256:354df19fefd03b9a13132fa6643527ef7905712109d9c1c1903f2133d3a4e145",
                "sha256:35ef1f8d8a7a275aa7410d2f2c60fa6443f4a64fae9be671ec0696a68525b875",
                "sha256:4179502f210ebed3ccfe2f78bf8e2d59e50b297b598b100d6c6e3341053066a2",
                "sha256:42c499c14efd858b98c4e03595bf914089b98400d30789511577aa44607a1b74",
                "sha256:4b7101938584d67e6f45f0015b60e24a95bf8dea19836b1709a80342e01b472f",
                "sha256:564cd0f5b5470094df06fab676c6d77547abfdcb09b6c29c8a97c41ad03b103c",
                "sha256:5f444627b3664b80d078c05fe6a850dd711beeb90d26731f11d492dcbadb6973",
                "sha256:6113e4df2fa73b80f77663445be6d567913fb3b82a86ceb64e44ae0e4b695de1",
                "sha256:61b993f3998ee384935ee423c3d40894e93277f12482f6e777642a0141f55782",
                "sha256:66e6df3ac4659a435677d8cd40e8eb1ac7219345d27c41145991ee9bf4b806a0",
                "sha256:67f9346aeebea54e845d29b487eb38ec95f2ecf3558a3cffb26ee3f0dcc3e760",
                "sha256:6913dddee2deff8ab2512639c5168c3e80b3ebb0f818fed22048ee46f735351a",
                "sha256:6a864733b22d3081749450466ac80698fe39c91cb6849b2ef8752fd7482011f3",
                "sha256:7026f5afe0d1a933685d8f2169d7c2d2e624f6255fb584ca99ccca8c0e966fd7",
                "sha256:783bc7c4ee524039ca13b6d9b4186a67f8e63d91342c713e88c1865a38d0892a",
                "sha256:7a98d6bf6d4ca5c07a600c7b4e0c5350cd483c85c736c522b786be90ea5bac4f",
                "sha256:8d032bfc562a52318ae05047a6eb801ff31ccee172dc0d2504614e911d8fa83e",
                "sha256:98c0b9e9b572893cdb0a00e66cf961a238f8d870d4e1dc8e679eb8bdc2eb1b86",
                "sha256:9c7b9b498eb0c0d48b4c2abc0e10c2d78912203f972e0e63e3c9dc21f15abdaa",
                "sha256:9cc4f107009bca5a81caef2fca843dbec4215c05e917a59dec0c8db5cff1d2aa",
                "sha256:9d6e1f3185cbfd3d91ac77ea065d85d5215d3dfa45b191d14ddfcd952fa53796",
                "sha256:a095aa0a996ea08b10580908e88fbaf81ecf798e923bbe64fb98d1807db3d68a",
                "sha256:a3b2752de32c455f2521a51bd3ffb53c5b3ae92736afde67ce83477f5c1dd928",
                "sha256:ab066f5ab67059d1f1000b5e1aa8bbd75b6ed1fc0014559aea41a9eb66fc2ce0",
                "sha256:c1328d0c2f194ffda30a45f11058c02410e679456276bfa0bbe0b0ee87225fac",
                "sha256:c35cca192ba700979d20ac43024a82b9b32a60da2f983bec6c0f5b84aead635c",
                "sha256:cbbb0e4cd8ddcd5ef47641cfac97d8473ab6b132dd9a46bacb18872828031685",
                "sha256:cdbb0d89923c80dbd435b9cf8bba0ff55585a3cdb28cbec65f376c041472c60d",
                "sha256:cf2afe83a53f77aec067033199797832617890e15bed42f4a1a93ea24794ae3e",
                "sha256:d5dd4b8e9cd0deb60e6fcc7b0647cbc1da6c33b9e786f9c79721fd303994832f",
                "sha256:dfa0b97eb904255e2ab24166071b27408f1f69c8fbda58e9c0972804851e0558",
                "sha256:e16c45b726acb780e1e6f88b286d3c10b3914ab03438f32117c4aa52d7f30d58",
                "sha256:e1fabd473566fce2cf18ea41171d92814e4ef1495e04471786cbc943b89a3781",
                "sha256:e3d3c4cc38b2882f9a15bafd30aec079582b819bec1b8afdbde8f7797008108a",
                "sha256:e431e305a1f3126477abe9a184624a85308da8edf8486a863601d58419d26ffa",
                "sha256:e7b4da9bafad21ea45a714d3ea6f3e1679099e420c8741c74905b92ee9bfa7cc",
                "sha256:ee2b2fb6eb4ace35805f434e0f6409444e1466a47f620d1d5763a22600f0f892",
                "sha256:ee6ae6bbcac0786807295e9687169fba80cb0617852b2fa118a99667e8e6815d",
                "sha256:ef6f44409ab02e202b31a05dd6666797f9de2aa2b4b3534e9d450e42dea5e817",
                "sha256:f67cf9f406cf0d2f08a3515ce2db5b82625a7257f88aad87904674def6ddaec1",
                "sha256:f855b39e4f75abd0dfbcf74a82e84ae3fc260d523fcb3532786bcbbcb158322c",
                "sha256:fc600f6ec19b273da1d85817eda339fb46ce9eef3e89f220055d8696e0a06908",
                "sha256:fcbe3d9a53e013f8ab88734d7e517eb2cd06b7e689bedf22c0eb68db5e4a0a19",
                "sha256:fde17bc42e0716c94bf19d92e4c9f5a00c5feb401f5bc01101fdf2a8b7cacf60",
                "sha256:ff934ced84054b9018665ca3967fc48e1ac99e811f6cc99ea65978e1d384454b"
            ],
            "version": "==6.4.4"
        },
        "cryptography": {
            "hashes": [
                "sha256:0297ffc478bdd237f5ca3a7dc96fc0d315670bfa099c04dc3a4a2172008a405a",
                "sha256:10d1f29d6292fc95acb597bacefd5b9e812099d75a6469004fd38ba5471a977f",
                "sha256:16fa61e7481f4b77ef53991075de29fc5bacb582a1244046d2e8b4bb72ef66d0",
                "sha256:194044c6b89a2f9f169df475cc167f6157eb9151cc69af8a2a163481d45cc407",
                "sha256:1db3d807a14931fa317f96435695d9ec386be7b84b618cc61cfa5d08b0ae33d7",
                "sha256:3261725c0ef84e7592597606f6583385fed2a5ec3909f43bc475ade9729a41d6",
                "sha256:3b72c360427889b40f36dc214630e688c2fe03e16c162ef0aa41da7ab1455153",
                "sha256:3e3a2599e640927089f932295a9a247fc40a5bdf69b0484532f530471a382750",
                "sha256:3fc26e22840b77326a764ceb5f02ca2d342305fba08f002a8c1f139540cdfaad",
                "sha256:5067ee7f2bce36b11d0e334abcd1ccf8c541fc0bbdaf57cdd511fdee53e879b6",
                "sha256:52e7bee800ec869b4031093875279f1ff2ed12c1e2f74923e8f49c916afd1d3b",
                "sha256:64760ba5331e3f1794d0bcaabc0d0c39e8c60bf67d09c93dc0e54189dfd7cfe5",
                "sha256:765fa194a0f3372d83005ab83ab35d7c5526c4e22951e46059b8ac678b44fa5a",
                "sha256:79473cf8a5cbc471979bd9378c9f425384980fcf2ab6534b18ed7d0d9843987d",
                "sha256:896dd3a66959d3a5ddcfc140a53391f69ff1e8f25d93f0e2e7830c6de90ceb9d",
                "sha256:89ed49784ba88c221756ff4d4755dbc03b3c8d2c5103f6d6b4f83a0fb1e85294",
                "sha256:ac7e48f7e7261207d750fa7e55eac2d45f720027d5703cd9007e9b37bbb59ac0",
                "sha256:ad7353f6ddf285aeadfaf79e5a6829110106ff8189391704c1d8801aa0bae45a",
                "sha256:b0163a849b6f315bf52815e238bc2b2346604413fa7c1601eea84bcddb5fb9ac",
                "sha256:b6c9b706316d7b5a137c35e14f4103e2115b088c412140fdbd5f87c73284df61",
                "sha256:c2e5856248a416767322c8668ef1845ad46ee62629266f84a8f007a317141013",
                "sha256:ca9f6784ea96b55ff41708b92c3f6aeaebde4c560308e5fbbd3173fbc466e94e",
                "sha256:d1a5bd52d684e49a36582193e0b89ff267704cd4025abefb9e26803adeb3e5fb",
                "sha256:d3971e2749a723e9084dd507584e2a2761f78ad2c638aa31e80bc7a15c9db4f9",
                "sha256:d4ef6cc305394ed669d4d9eebf10d3a101059bdcf2669c366ec1d14e4fb227bd",
                "sha256:d9e69ae01f99abe6ad646947bba8941e896cb3aa805be2597a0400e0764b5818"
            ],
            "index": "pypi",
            "version": "==38.0.1"
        },
        "datashare-network-crypto": {
            "editable": true,
            "git": "https://github.com/spring-epfl/datashare-network-crypto.git",
            "ref": "1271a7cd10dd586c3a5f62e4fbd511472ef6ecfe"
        },
        "future": {
            "hashes": [
                "sha256:b1bead90b70cf6ec3f0710ae53a525360fa360d306a86583adc6bf83a4db537d"
            ],
            "version": "==0.18.2"
        },
        "iniconfig": {
            "hashes": [
                "sha256:011e24c64b7f47f6ebd835bb12a743f2fbe9a26d4cecaa7f53bc4f35ee9da8b3",
                "sha256:bc3af051d7d14b2ee5ef9969666def0cd1a000e121eaea580d4a313df4b37f32"
            ],
            "version": "==1.1.1"
        },
        "mmh3": {
            "hashes": [
                "sha256:01e456edf9cc381298a590923aadd1c0bf9934d93433099a5001d656112437c2",
                "sha256:07f1308a410dc406d6a3c282a685728d00a87f3ed684f012671b96d6cc6a41c3",
                "sha256:0fd09c4b61fcddbcf0a87d5463b4e6d2919896736a67efc5248d5c74c1c9c742",
                "sha256:12484ac80373db77d8a6beb7615e7dac8b6c3fb118905311a51450b4fc4a24d1",
                "sha256:150439b906b4deaf6d796b2c2d11fb6159f08d02330d97723071ab3bf43b51df",
                "sha256:167cbc2b5ae27f3bccd797a2e8a9e7561791bee4cc2885f2c140eedc5df000ef",
                "sha256:19874e12acb4119ef1ef83062ef4ac953c3343dd07a67ede8fa096d0393f34be",
                "sha256:23912dde2ad4f701926948dd8e79a0e42b000f73962806f153931f52985e1e07",
                "sha256:2b6c79fc314b34b911245b460a79b601fff39bb807521fb7ed7c15cacf0394ac",
                "sha256:3566d1455fa4a09f8fb1aa5b37f68914949674f9aa2bd630e9fdf344207f55b5",
                "sha256:3e52b869572c09db0c1a483f6e9cedbccfae8a282d95e552d3d4bd0712ab3196",
                "sha256:4589adcb609d1547aac7c1ac1064eb27cdd44b65b7e8a114e2971cd3b7110306",
                "sha256:6d0b3e9def1fdfe4eadd35ee26bf72bd715ba97711f7101302d54c9d2e70ba27",
                "sha256:7a311efd4ecf122f21392ec6bf447c620cc783d20bdb9aec60bb469a54318419",
                "sha256:8803d28c17cf898f5f00c0433e8b13d51fa3bb4ebecf59872ba1eaa20d94128a",
                "sha256:8fb833c2942917eff54f984b067d93e5a3c54dbb00720323460cdfed9292835f",
                "sha256:9097be65aa95460bc68b6108601da8894757532450daf74034e4eaecd536acca",
                "sha256:92fdffd63edb67c30dbaba18a7448d762209c0e678b0c9d577d17b30362b59a3",
                "sha256:93c96e657e9bf9e9ef12ddaeae9f109c0b3134146e2eff2cbddde5a34190920e",
                "sha256:b7d26d0243ed9a5b8bf7aa8c53697cb79dff1e1d207f42396b7a7cb2a62298b7",
                "sha256:bd870aedd9189eff1cf4e1687869b56c7e9461ee869789139c3e704009e5c227",
                "sha256:c17fe2e276edd37ad8a6aff3b1663d3479c2c5c5993539c1050422a1dae33033",
                "sha256:d1ec578c09a07d3518ec9be540b87546397fa3455de73c166fcce51eaa5c41c5",
                "sha256:e08a5d81a2ff53625953290187bed4ae96a6972e2b5cd5984a6ebc5a9aab256c",
                "sha256:f1cce018cc82a8a6287e6aeb139e441129837b810f2ddf372e3ff7f0fefb0947",
                "sha256:ff69ddc2d46e3e42720840b6b4f7bfb032fd1e677fac347fdfff6e4d9fd01212"
            ],
            "version": "==3.0.0"
        },
        "msgpack-python": {
            "hashes": [
                "sha256:378cc8a6d3545b532dfd149da715abae4fda2a3adb6d74e525d0d5e51f46909b"
            ],
            "version": "==0.5.6"
        },
        "packaging": {
            "hashes": [
                "sha256:dd47c42927d89ab911e606518907cc2d3a1f38bbd026385970643f9c5b8ecfeb",
                "sha256:ef103e05f519cdc783ae24ea4e2e0f508a9c99b2d4969652eed6a2e1ea5bd522"
            ],
            "version": "==21.3"
        },
        "petlib": {
            "hashes": [
                "sha256:6865c9f9193810a506fa90d47412c3990864863eaa2b3be52ee96b5818197dca"
            ],
            "version": "==0.0.45"
        },
        "pluggy": {
            "hashes": [
                "sha256:4224373bacce55f955a878bf9cfa763c1e360858e330072059e10bad68531159",
                "sha256:74134bbf457f031a36d68416e1509f34bd5ccc019f0bcc952c7b909d06b37bd3"
            ],
            "version": "==1.0.0"
        },
        "py": {
            "hashes": [
                "sha256:51c75c4126074b472f746a24399ad32f6053d1b34b68d2fa41e558e6f4a98719",
                "sha256:607c53218732647dff4acdfcd50cb62615cedf612e72d1724fb1a0cc6405b378"
            ],
            "version": "==1.11.0"
        },
        "pycparser": {
            "hashes": [
                "sha256:8ee45429555515e1f6b185e78100aea234072576aa43ab53aefcae078162fca9",
                "sha256:e644fdec12f7872f86c58ff790da456218b10f863970249516d60a5eaca77206"
            ],
            "version": "==2.21"
        },
        "pyparsing": {
            "hashes": [
                "sha256:2b020ecf7d21b687f219b71ecad3631f644a47f01403fa1d1036b0c6416d70fb",
                "sha256:5026bae9a10eeaefb61dab2f09052b9f4307d44aee4eda64b309723d8d206bbc"
            ],
            "version": "==3.0.9"
        },
        "pytest": {
            "hashes": [
                "sha256:1377bda3466d70b55e3f5cecfa55bb7cfcf219c7964629b967c37cf0bda818b7",
                "sha256:4f365fec2dff9c1162f834d9f18af1ba13062db0c708bf7b946f8a5c76180c39"
            ],
            "version": "==7.1.3"
        },
        "pytest-cov": {
            "hashes": [
                "sha256:578d5d15ac4a25e5f961c938b85a05b09fdaae9deef3bb6de9a6e766622ca7a6",
                "sha256:e7f0f5b1617d2210a2cabc266dfe2f4c75a8d32fb89eafb7ad9d06f6d076d470"
            ],
            "version": "==3.0.0"
        },
        "scalable-cuckoo-filter": {
            "hashes": [
                "sha256:73053812b16a41c7c3c4312b3dc1fb9eb8ae71905493decb062ec538e2a13054",
                "sha256:c05e6e2eb1c74736e8fa7cf5c8049df67bd9b1f81d961a14fb231d8553636dd5"
            ],
            "index": "pypi",
            "version": "==1.1"
        },
        "sscred": {
            "editable": true,
            "git": "https://github.com/spring-epfl/SSCred.git",
            "ref": "6689fa7dbe33c176593dc49a82a4e915a1d423f4"
        },
        "tomli": {
            "hashes": [
                "sha256:939de3e7a6161af0c887ef91b7d41a53e7c5a1ca976325f429cb46ea9bc30ecc",
                "sha256:de526c12914f0c550d15924c62d72abc48d6fe7364aa87328337a31007fe8a4f"
            ],
            "version": "==2.0.1"
        },
        "zksk": {
            "hashes": [
                "sha256:4c519eed8664a2454bd212f14180e7210eb3c64949439dc519e43fc6766204ec",
                "sha256:a2bc222d384c1c4583308f5f246e83d4eaf7a54cdc6476d7f6764128cfac2ef9"
            ],
            "version": "==0.0.2"
        }
    },
    "develop": {
        "bleach": {
            "hashes": [
                "sha256:085f7f33c15bd408dd9b17a4ad77c577db66d76203e5984b1bd59baeee948b2a",
                "sha256:0d03255c47eb9bd2f26aa9bb7f2107732e7e8fe195ca2f64709fcf3b0a4a085c"
            ],
            "version": "==5.0.1"
        },
        "bump2version": {
            "hashes": [
                "sha256:37f927ea17cde7ae2d7baf832f8e80ce3777624554a653006c9144f8017fe410",
                "sha256:762cb2bfad61f4ec8e2bdf452c7c267416f8c70dd9ecb1653fd0bbb01fa936e6"
            ],
            "version": "==1.0.1"
        },
        "bumpversion": {
            "hashes": [
                "sha256:4ba55e4080d373f80177b4dabef146c07ce73c7d1377aabf9d3c3ae1f94584a6",
                "sha256:4eb3267a38194d09f048a2179980bb4803701969bff2c85fa8f6d1ce050be15e"
            ],
            "index": "pypi",
            "version": "==0.6.0"
        },
        "certifi": {
            "hashes": [
                "sha256:0d9c601124e5a6ba9712dbc60d9c53c21e34f5f641fe83002317394311bdce14",
                "sha256:90c1a32f1d68f940488354e36370f6cca89f0f106db09518524c88d6ed83f382"
            ],
            "version": "==2022.9.24"
        },
        "cffi": {
            "hashes": [
                "sha256:00a9ed42e88df81ffae7a8ab6d9356b371399b91dbdf0c3cb1e84c03a13aceb5",
                "sha256:03425bdae262c76aad70202debd780501fabeaca237cdfddc008987c0e0f59ef",
                "sha256:04ed324bda3cda42b9b695d51bb7d54b680b9719cfab04227cdd1e04e5de3104",
                "sha256:0e2642fe3142e4cc4af0799748233ad6da94c62a8bec3a6648bf8ee68b1c7426",
                "sha256:173379135477dc8cac4bc58f45db08ab45d228b3363adb7af79436135d028405",
                "sha256:198caafb44239b60e252492445da556afafc7d1e3ab7a1fb3f0584ef6d742375",
                "sha256:1e74c6b51a9ed6589199c787bf5f9875612ca4a8a0785fb2d4a84429badaf22a",
                "sha256:2012c72d854c2d03e45d06ae57f40d78e5770d252f195b93f581acf3ba44496e",
                "sha256:21157295583fe8943475029ed5abdcf71eb3911894724e360acff1d61c1d54bc",
                "sha256:2470043b93ff09bf8fb1d46d1cb756ce6132c54826661a32d4e4d132e1977adf",
                "sha256:285d29981935eb726a4399badae8f0ffdff4f5050eaa6d0cfc3f64b857b77185",
                "sha256:30d78fbc8ebf9c92c9b7823ee18eb92f2e6ef79b45ac84db507f52fbe3ec4497",
                "sha256:320dab6e7cb2eacdf0e658569d2575c4dad258c0fcc794f46215e1e39f90f2c3",
                "sha256:33ab79603146aace82c2427da5ca6e58f2b3f2fb5da893ceac0c42218a40be35",
                "sha256:3548db281cd7d2561c9ad9984681c95f7b0e38881201e157833a2342c30d5e8c",
                "sha256:3799aecf2e17cf585d977b780ce79ff0dc9b78d799fc694221ce814c2c19db83",
                "sha256:39d39875251ca8f612b6f33e6b1195af86d1b3e60086068be9cc053aa4376e21",
                "sha256:3b926aa83d1edb5aa5b427b4053dc420ec295a08e40911296b9eb1b6170f6cca",
                "sha256:3bcde07039e586f91b45c88f8583ea7cf7a0770df3a1649627bf598332cb6984",
                "sha256:3d08afd128ddaa624a48cf2b859afef385b720bb4b43df214f85616922e6a5ac",
                "sha256:3eb6971dcff08619f8d91607cfc726518b6fa2a9eba42856be181c6d0d9515fd",
                "sha256:40f4774f5a9d4f5e344f31a32b5096977b5d48560c5592e2f3d2c4374bd543ee",
                "sha256:4289fc34b2f5316fbb762d75362931e351941fa95fa18789191b33fc4cf9504a",
                "sha256:470c103ae716238bbe698d67ad020e1db9d9dba34fa5a899b5e21577e6d52ed2",
                "sha256:4f2c9f67e9821cad2e5f480bc8d83b8742896f1242dba247911072d4fa94c192",
                "sha256:50a74364d85fd319352182ef59c5c790484a336f6db772c1a9231f1c3ed0cbd7",
                "sha256:54a2db7b78338edd780e7ef7f9f6c442500fb0d41a5a4ea24fff1c929d5af585",
                "sha256:5635bd9cb9731e6d4a1132a498dd34f764034a8ce60cef4f5319c0541159392f",
                "sha256:59c0b02d0a6c384d453fece7566d1c7e6b7bae4fc5874ef2ef46d56776d61c9e",
                "sha256:5d598b938678ebf3c67377cdd45e09d431369c3b1a5b331058c338e201f12b27",
                "sha256:5df2768244d19ab7f60546d0c7c63ce1581f7af8b5de3eb3004b9b6fc8a9f84b",
                "sha256:5ef34d190326c3b1f822a5b7a45f6c4535e2f47ed06fec77d3d799c450b2651e",
                "sha256:6975a3fac6bc83c4a65c9f9fcab9e47019a11d3d2cf7f3c0d03431bf145a941e",
                "sha256:6c9a799e985904922a4d207a94eae35c78ebae90e128f0c4e521ce339396be9d",
                "sha256:70df4e3b545a17496c9b3f41f5115e69a4f2e77e94e1d2a8e1070bc0c38c8a3c",
                "sha256:7473e861101c9e72452f9bf8acb984947aa1661a7704553a9f6e4baa5ba64415",
                "sha256:8102eaf27e1e448db915d08afa8b41d6c7ca7a04b7d73af6514df10a3e74bd82",
                "sha256:87c450779d0914f2861b8526e035c5e6da0a3199d8f1add1a665e1cbc6fc6d02",
                "sha256:8b7ee99e510d7b66cdb6c593f21c043c248537a32e0bedf02e01e9553a172314",
                "sha256:91fc98adde3d7881af9b59ed0294046f3806221863722ba7d8d120c575314325",
                "sha256:94411f22c3985acaec6f83c6df553f2dbe17b698cc7f8ae751ff2237d96b9e3c",
                "sha256:98d85c6a2bef81588d9227dde12db8a7f47f639f4a17c9ae08e773aa9c697bf3",
                "sha256:9ad5db27f9cabae298d151c85cf2bad1d359a1b9c686a275df03385758e2f914",
                "sha256:a0b71b1b8fbf2b96e41c4d990244165e2c9be83d54962a9a1d118fd8657d2045",
                "sha256:a0f100c8912c114ff53e1202d0078b425bee3649ae34d7b070e9697f93c5d52d",
                "sha256:a591fe9e525846e4d154205572a029f653ada1a78b93697f3b5a8f1f2bc055b9",
                "sha256:a5c84c68147988265e60416b57fc83425a78058853509c1b0629c180094904a5",
                "sha256:a66d3508133af6e8548451b25058d5812812ec3798c886bf38ed24a98216fab2",
                "sha256:a8c4917bd7ad33e8eb21e9a5bbba979b49d9a97acb3a803092cbc1133e20343c",
                "sha256:b3bbeb01c2b273cca1e1e0c5df57f12dce9a4dd331b4fa1635b8bec26350bde3",
                "sha256:cba9d6b9a7d64d4bd46167096fc9d2f835e25d7e4c121fb2ddfc6528fb0413b2",
                "sha256:cc4d65aeeaa04136a12677d3dd0b1c0c94dc43abac5860ab33cceb42b801c1e8",
                "sha256:ce4bcc037df4fc5e3d184794f27bdaab018943698f4ca31630bc7f84a7b69c6d",
                "sha256:cec7d9412a9102bdc577382c3929b337320c4c4c4849f2c5cdd14d7368c5562d",
                "sha256:d400bfb9a37b1351253cb402671cea7e89bdecc294e8016a707f6d1d8ac934f9",
                "sha256:d61f4695e6c866a23a21acab0509af1cdfd2c013cf256bbf5b6b5e2695827162",
                "sha256:db0fbb9c62743ce59a9ff687eb5f4afbe77e5e8403d6697f7446e5f609976f76",
                "sha256:dd86c085fae2efd48ac91dd7ccffcfc0571387fe1193d33b6394db7ef31fe2a4",
                "sha256:e00b098126fd45523dd056d2efba6c5a63b71ffe9f2bbe1a4fe1716e1d0c331e",
                "sha256:e229a521186c75c8ad9490854fd8bbdd9a0c9aa3a524326b55be83b54d4e0ad9",
                "sha256:e263d77ee3dd201c3a142934a086a4450861778baaeeb45db4591ef65550b0a6",
                "sha256:ed9cb427ba5504c1dc15ede7d516b84757c3e3d7868ccc85121d9310d27eed0b",
                "sha256:fa6693661a4c91757f4412306191b6dc88c1703f780c8234035eac011922bc01",
                "sha256:fcd131dd944808b5bdb38e6f5b53013c5aa4f334c5cad0c72742f6eba4b73db0"
            ],
            "version": "==1.15.1"
        },
        "charset-normalizer": {
            "hashes": [
                "sha256:5a3d016c7c547f69d6f81fb0db9449ce888b418b5b9952cc5e6e66843e9dd845",
                "sha256:83e9a75d1911279afd89352c68b45348559d1fc0506b054b346651b5e7fee29f"
            ],
            "version": "==2.1.1"
        },
        "colorama": {
            "hashes": [
                "sha256:854bf444933e37f5824ae7bfc1e98d5bce2ebe4160d46b5edf346a89358e99da",
                "sha256:e6c6b4334fc50988a639d9b98aa429a0b57da6e17b9a44f0451f930b6967b7a4"
            ],
            "version": "==0.4.5"
        },
        "cryptography": {
            "hashes": [
                "sha256:0297ffc478bdd237f5ca3a7dc96fc0d315670bfa099c04dc3a4a2172008a405a",
                "sha256:10d1f29d6292fc95acb597bacefd5b9e812099d75a6469004fd38ba5471a977f",
                "sha256:16fa61e7481f4b77ef53991075de29fc5bacb582a1244046d2e8b4bb72ef66d0",
                "sha256:194044c6b89a2f9f169df475cc167f6157eb9151cc69af8a2a163481d45cc407",
                "sha256:1db3d807a14931fa317f96435695d9ec386be7b84b618cc61cfa5d08b0ae33d7",
                "sha256:3261725c0ef84e7592597606f6583385fed2a5ec3909f43bc475ade9729a41d6",
                "sha256:3b72c360427889b40f36dc214630e688c2fe03e16c162ef0aa41da7ab1455153",
                "sha256:3e3a2599e640927089f932295a9a247fc40a5bdf69b0484532f530471a382750",
                "sha256:3fc26e22840b77326a764ceb5f02ca2d342305fba08f002a8c1f139540cdfaad",
                "sha256:5067ee7f2bce36b11d0e334abcd1ccf8c541fc0bbdaf57cdd511fdee53e879b6",
                "sha256:52e7bee800ec869b4031093875279f1ff2ed12c1e2f74923e8f49c916afd1d3b",
                "sha256:64760ba5331e3f1794d0bcaabc0d0c39e8c60bf67d09c93dc0e54189dfd7cfe5",
                "sha256:765fa194a0f3372d83005ab83ab35d7c5526c4e22951e46059b8ac678b44fa5a",
                "sha256:79473cf8a5cbc471979bd9378c9f425384980fcf2ab6534b18ed7d0d9843987d",
                "sha256:896dd3a66959d3a5ddcfc140a53391f69ff1e8f25d93f0e2e7830c6de90ceb9d",
                "sha256:89ed49784ba88c221756ff4d4755dbc03b3c8d2c5103f6d6b4f83a0fb1e85294",
                "sha256:ac7e48f7e7261207d750fa7e55eac2d45f720027d5703cd9007e9b37bbb59ac0",
                "sha256:ad7353f6ddf285aeadfaf79e5a6829110106ff8189391704c1d8801aa0bae45a",
                "sha256:b0163a849b6f315bf52815e238bc2b2346604413fa7c1601eea84bcddb5fb9ac",
                "sha256:b6c9b706316d7b5a137c35e14f4103e2115b088c412140fdbd5f87c73284df61",
                "sha256:c2e5856248a416767322c8668ef1845ad46ee62629266f84a8f007a317141013",
                "sha256:ca9f6784ea96b55ff41708b92c3f6aeaebde4c560308e5fbbd3173fbc466e94e",
                "sha256:d1a5bd52d684e49a36582193e0b89ff267704cd4025abefb9e26803adeb3e5fb",
                "sha256:d3971e2749a723e9084dd507584e2a2761f78ad2c638aa31e80bc7a15c9db4f9",
                "sha256:d4ef6cc305394ed669d4d9eebf10d3a101059bdcf2669c366ec1d14e4fb227bd",
                "sha256:d9e69ae01f99abe6ad646947bba8941e896cb3aa805be2597a0400e0764b5818"
            ],
            "index": "pypi",
            "version": "==38.0.1"
        },
        "docutils": {
            "hashes": [
                "sha256:33995a6753c30b7f577febfc2c50411fec6aac7f7ffeb7c4cfe5991072dcf9e6",
                "sha256:5e1de4d849fee02c63b040a4a3fd567f4ab104defd8a5511fbbc24a8a017efbc"
            ],
            "version": "==0.19"
        },
        "idna": {
            "hashes": [
                "sha256:814f528e8dead7d329833b91c5faa87d60bf71824cd12a7530b5526063d02cb4",
                "sha256:90b77e79eaa3eba6de819a0c442c0b4ceefc341a7a2ab77d7562bf49f425c5c2"
            ],
            "version": "==3.4"
        },
        "importlib-metadata": {
            "hashes": [
                "sha256:637245b8bab2b6502fcbc752cc4b7a6f6243bb02b31c5c26156ad103d3d45670",
                "sha256:7401a975809ea1fdc658c3aa4f78cc2195a0e019c5cbc4c06122884e9ae80c23"
            ],
            "markers": "python_version < '3.10'",
            "version": "==4.12.0"
        },
        "jaraco.classes": {
            "hashes": [
                "sha256:2353de3288bc6b82120752201c6b1c1a14b058267fa424ed5ce5984e3b922158",
                "sha256:89559fa5c1d3c34eff6f631ad80bb21f378dbcbb35dd161fd2c6b93f5be2f98a"
            ],
            "version": "==3.2.3"
        },
        "jeepney": {
            "hashes": [
                "sha256:5efe48d255973902f6badc3ce55e2aa6c5c3b3bc642059ef3a91247bcfcc5806",
                "sha256:c0a454ad016ca575060802ee4d590dd912e35c122fa04e70306de3d076cce755"
            ],
            "markers": "sys_platform == 'linux'",
            "version": "==0.8.0"
        },
        "keyring": {
            "hashes": [
                "sha256:69732a15cb1433bdfbc3b980a8a36a04878a6cfd7cb99f497b573f31618001c0",
                "sha256:69b01dd83c42f590250fe7a1f503fc229b14de83857314b1933a3ddbf595c4a5"
            ],
            "version": "==23.9.3"
        },
        "more-itertools": {
            "hashes": [
                "sha256:1bc4f91ee5b1b31ac7ceacc17c09befe6a40a503907baf9c839c229b5095cfd2",
                "sha256:c09443cd3d5438b8dafccd867a6bc1cb0894389e90cb53d227456b0b0bccb750"
            ],
            "version": "==8.14.0"
        },
        "nose": {
            "hashes": [
                "sha256:9ff7c6cc443f8c51994b34a667bbcf45afd6d945be7477b52e97516fd17c53ac",
                "sha256:dadcddc0aefbf99eea214e0f1232b94f2fa9bd98fa8353711dacb112bfcbbb2a",
                "sha256:f1bffef9cbc82628f6e7d7b40d7e255aefaa1adb6a1b1d26c69a8b79e6208a98"
            ],
            "index": "pypi",
            "version": "==1.3.7"
        },
        "nose-watch": {
            "hashes": [
                "sha256:1a50deb7f39e3c7091aa7ac5e19bf7bddd65d6db41727ab1fe563450645a0088"
            ],
            "index": "pypi",
            "version": "==0.9.2"
        },
        "pkginfo": {
            "hashes": [
                "sha256:848865108ec99d4901b2f7e84058b6e7660aae8ae10164e015a6dcf5b242a594",
                "sha256:a84da4318dd86f870a9447a8c98340aa06216bfc6f2b7bdc4b8766984ae1867c"
            ],
            "version": "==1.8.3"
        },
        "pycparser": {
            "hashes": [
                "sha256:8ee45429555515e1f6b185e78100aea234072576aa43ab53aefcae078162fca9",
                "sha256:e644fdec12f7872f86c58ff790da456218b10f863970249516d60a5eaca77206"
            ],
            "version": "==2.21"
        },
        "pygments": {
            "hashes": [
                "sha256:56a8508ae95f98e2b9bdf93a6be5ae3f7d8af858b43e02c5a2ff083726be40c1",
                "sha256:f643f331ab57ba3c9d89212ee4a2dabc6e94f117cf4eefde99a0574720d14c42"
            ],
            "version": "==2.13.0"
        },
        "readme-renderer": {
            "hashes": [
                "sha256:d3f06a69e8c40fca9ab3174eca48f96d9771eddb43517b17d96583418427b106",
                "sha256:e8ad25293c98f781dbc2c5a36a309929390009f902f99e1798c761aaf04a7923"
            ],
            "version": "==37.2"
        },
        "requests": {
            "hashes": [
                "sha256:7c5599b102feddaa661c826c56ab4fee28bfd17f5abca1ebbe3e7f19d7c97983",
                "sha256:8fefa2a1a1365bf5520aac41836fbee479da67864514bdb821f31ce07ce65349"
            ],
            "version": "==2.28.1"
        },
        "requests-toolbelt": {
            "hashes": [
                "sha256:380606e1d10dc85c3bd47bf5a6095f815ec007be7a8b69c878507068df059e6f",
                "sha256:968089d4584ad4ad7c171454f0a5c6dac23971e9472521ea3b6d49d610aa6fc0"
            ],
            "version": "==0.9.1"
        },
        "rfc3986": {
            "hashes": [
                "sha256:50b1502b60e289cb37883f3dfd34532b8873c7de9f49bb546641ce9cbd256ebd",
                "sha256:97aacf9dbd4bfd829baad6e6309fa6573aaf1be3f6fa735c8ab05e46cecb261c"
            ],
            "version": "==2.0.0"
        },
        "secretstorage": {
            "hashes": [
                "sha256:2403533ef369eca6d2ba81718576c5e0f564d5cca1b58f73a8b23e7d4eeebd77",
                "sha256:f356e6628222568e3af06f2eba8df495efa13b3b63081dafd4f7d9a7b7bc9f99"
            ],
            "markers": "sys_platform == 'linux'",
            "version": "==3.3.3"
        },
        "setuptools-pipfile": {
            "hashes": [
                "sha256:00bc020b93e52419ef102ea442462e9f4583fd72876a30939471fdb8e040a989",
                "sha256:3c0d88f8538a58fde180912fcfadbb2e9da24997d1e240ed2d50d9eeb70621ec"
            ],
            "index": "pypi",
            "version": "==0.4.1"
        },
        "six": {
            "hashes": [
                "sha256:1e61c37477a1626458e36f7b1d82aa5c9b094fa4802892072e49de9c60c4c926",
                "sha256:8abb2f1d86890a2dfb989f9a77cfcfd3e47c2a354b01111771326f8aa26e0254"
            ],
            "version": "==1.16.0"
        },
        "toml": {
            "hashes": [
                "sha256:806143ae5bfb6a3c6e736a764057db0e6a0e05e338b5630894a5f779cabb4f9b",
                "sha256:b3bda1d108d5dd99f4a20d24d9c348e91c4db7ab1b749200bded2f839ccbe68f"
            ],
            "version": "==0.10.2"
        },
        "tqdm": {
            "hashes": [
                "sha256:5f4f682a004951c1b450bc753c710e9280c5746ce6ffedee253ddbcbf54cf1e4",
                "sha256:6fee160d6ffcd1b1c68c65f14c829c22832bc401726335ce92c52d395944a6a1"
            ],
            "version": "==4.64.1"
        },
        "twine": {
            "hashes": [
                "sha256:34352fd52ec3b9d29837e6072d5a2a7c6fe4290e97bba46bb8d478b5c598f7ab",
                "sha256:ba9ff477b8d6de0c89dd450e70b2185da190514e91c42cc62f96850025c10472"
            ],
            "index": "pypi",
            "version": "==3.2.0"
        },
        "urllib3": {
            "hashes": [
                "sha256:3fa96cf423e6987997fc326ae8df396db2a8b7c667747d47ddd8ecba91f4a74e",
                "sha256:b930dd878d5a8afb066a637fbb35144fe7901e3b209d1cd4f524bd0e9deee997"
            ],
            "version": "==1.26.12"
        },
        "watchdog": {
            "hashes": [
                "sha256:083171652584e1b8829581f965b9b7723ca5f9a2cd7e20271edf264cfd7c1412",
                "sha256:117ffc6ec261639a0209a3252546b12800670d4bf5f84fbd355957a0595fe654",
                "sha256:186f6c55abc5e03872ae14c2f294a153ec7292f807af99f57611acc8caa75306",
                "sha256:195fc70c6e41237362ba720e9aaf394f8178bfc7fa68207f112d108edef1af33",
                "sha256:226b3c6c468ce72051a4c15a4cc2ef317c32590d82ba0b330403cafd98a62cfd",
                "sha256:247dcf1df956daa24828bfea5a138d0e7a7c98b1a47cf1fa5b0c3c16241fcbb7",
                "sha256:255bb5758f7e89b1a13c05a5bceccec2219f8995a3a4c4d6968fe1de6a3b2892",
                "sha256:43ce20ebb36a51f21fa376f76d1d4692452b2527ccd601950d69ed36b9e21609",
                "sha256:4f4e1c4aa54fb86316a62a87b3378c025e228178d55481d30d857c6c438897d6",
                "sha256:5952135968519e2447a01875a6f5fc8c03190b24d14ee52b0f4b1682259520b1",
                "sha256:64a27aed691408a6abd83394b38503e8176f69031ca25d64131d8d640a307591",
                "sha256:6b17d302850c8d412784d9246cfe8d7e3af6bcd45f958abb2d08a6f8bedf695d",
                "sha256:70af927aa1613ded6a68089a9262a009fbdf819f46d09c1a908d4b36e1ba2b2d",
                "sha256:7a833211f49143c3d336729b0020ffd1274078e94b0ae42e22f596999f50279c",
                "sha256:8250546a98388cbc00c3ee3cc5cf96799b5a595270dfcfa855491a64b86ef8c3",
                "sha256:97f9752208f5154e9e7b76acc8c4f5a58801b338de2af14e7e181ee3b28a5d39",
                "sha256:9f05a5f7c12452f6a27203f76779ae3f46fa30f1dd833037ea8cbc2887c60213",
                "sha256:a735a990a1095f75ca4f36ea2ef2752c99e6ee997c46b0de507ba40a09bf7330",
                "sha256:ad576a565260d8f99d97f2e64b0f97a48228317095908568a9d5c786c829d428",
                "sha256:b530ae007a5f5d50b7fbba96634c7ee21abec70dc3e7f0233339c81943848dc1",
                "sha256:bfc4d351e6348d6ec51df007432e6fe80adb53fd41183716017026af03427846",
                "sha256:d3dda00aca282b26194bdd0adec21e4c21e916956d972369359ba63ade616153",
                "sha256:d9820fe47c20c13e3c9dd544d3706a2a26c02b2b43c993b62fcd8011bcc0adb3",
                "sha256:ed80a1628cee19f5cfc6bb74e173f1b4189eb532e705e2a13e3250312a62e0c9",
                "sha256:ee3e38a6cc050a8830089f79cbec8a3878ec2fe5160cdb2dc8ccb6def8552658"
            ],
            "version": "==2.1.9"
        },
        "webencodings": {
            "hashes": [
                "sha256:a0af1213f3c2226497a97e2b3aa01a7e4bee4f403f95be16fc9acd2947514a78",
                "sha256:b36a1c245f2d304965eb4e0a82848379241dc04b865afcc4aab16748587e1923"
            ],
            "version": "==0.5.1"
        },
        "zipp": {
            "hashes": [
                "sha256:05b45f1ee8f807d0cc928485ca40a07cb491cf092ff587c0df9cb1fd154848d2",
                "sha256:47c40d7fe183a6f21403a199b3e4192cca5774656965b0a4988ad2f8feb5f009"
            ],
            "version": "==3.8.1"
        }
    }
}
